
Microsoft Visual Studio Solution File, Format Version 12.00
# Visual Studio Version 16
VisualStudioVersion = 16.0.30413.136
MinimumVisualStudioVersion = 10.0.40219.1
Project("{FAE04EC0-301F-11D3-BF4B-00C04F79EFBC}") = "Computer_Vision_Homework", "Computer_Vision_Homework\Computer_Vision_Homework.csproj", "{9A0BA300-1988-4596-9368-3EB4A6EE3909}"
EndProject
Global
	GlobalSection(SolutionConfigurationPlatforms) = preSolution
		Debug|Any CPU = Debug|Any CPU
		Release|Any CPU = Release|Any CPU
	EndGlobalSection
	GlobalSection(ProjectConfigurationPlatforms) = postSolution
		{9A0BA300-1988-4596-9368-3EB4A6EE3909}.Debug|Any CPU.ActiveCfg = Debug|Any CPU
		{9A0BA300-1988-4596-9368-3EB4A6EE3909}.Debug|Any CPU.Build.0 = Debug|Any CPU
		{9A0BA300-1988-4596-9368-3EB4A6EE3909}.Release|Any CPU.ActiveCfg = Release|Any CPU
		{9A0BA300-1988-4596-9368-3EB4A6EE3909}.Release|Any CPU.Build.0 = Release|Any CPU
	EndGlobalSection
	GlobalSection(SolutionProperties) = preSolution
		HideSolutionNode = FALSE
	EndGlobalSection
	GlobalSection(ExtensibilityGlobals) = postSolution
		SolutionGuid = {4DD66566-B8D4-46B3-8B74-6C76A5D19C7D}
	EndGlobalSection
EndGlobal
